
Microsoft Visual Studio Solution File, Format Version 12.00
# Visual Studio Version 17
VisualStudioVersion = 17.7.33808.371
MinimumVisualStudioVersion = 10.0.40219.1
Project("{9A19103F-16F7-4668-BE54-9A1E7A4F7556}") = "CsLox", "CsLox\CsLox.csproj", "{BD79E794-1A11-4B54-AE43-3E2864137FFB}"
EndProject
Project("{FAE04EC0-301F-11D3-BF4B-00C04F79EFBC}") = "GenerateAst", "GenerateAst\GenerateAst.csproj", "{532E870B-BF50-43FD-87E9-BE016DFAD199}"
EndProject
Global
	GlobalSection(SolutionConfigurationPlatforms) = preSolution
		Debug|Any CPU = Debug|Any CPU
		Release|Any CPU = Release|Any CPU
	EndGlobalSection
	GlobalSection(ProjectConfigurationPlatforms) = postSolution
		{BD79E794-1A11-4B54-AE43-3E2864137FFB}.Debug|Any CPU.ActiveCfg = Debug|Any CPU
		{BD79E794-1A11-4B54-AE43-3E2864137FFB}.Debug|Any CPU.Build.0 = Debug|Any CPU
		{BD79E794-1A11-4B54-AE43-3E2864137FFB}.Release|Any CPU.ActiveCfg = Release|Any CPU
		{BD79E794-1A11-4B54-AE43-3E2864137FFB}.Release|Any CPU.Build.0 = Release|Any CPU
		{532E870B-BF50-43FD-87E9-BE016DFAD199}.Debug|Any CPU.ActiveCfg = Debug|Any CPU
		{532E870B-BF50-43FD-87E9-BE016DFAD199}.Debug|Any CPU.Build.0 = Debug|Any CPU
		{532E870B-BF50-43FD-87E9-BE016DFAD199}.Release|Any CPU.ActiveCfg = Release|Any CPU
		{532E870B-BF50-43FD-87E9-BE016DFAD199}.Release|Any CPU.Build.0 = Release|Any CPU
	EndGlobalSection
	GlobalSection(SolutionProperties) = preSolution
		HideSolutionNode = FALSE
	EndGlobalSection
	GlobalSection(ExtensibilityGlobals) = postSolution
		SolutionGuid = {461FE04B-5B54-4855-AA45-81E6C76D9D66}
	EndGlobalSection
EndGlobal
